lockfileVersion: '9.0'

settings:
  autoInstallPeers: true
  excludeLinksFromLockfile: false

importers:

  .:
    dependencies:
      obs-websocket-js:
        specifier: ^5.0.5
        version: 5.0.5

packages:

  '@msgpack/msgpack@2.8.0':
    resolution: {integrity: sha512-h9u4u/jiIRKbq25PM+zymTyW6bhTzELvOoUd+AvYriWOAKpLGnIamaET3pnHYoI5iYphAHBI4ayx0MehR+VVPQ==}
    engines: {node: '>= 10'}

  crypto-js@4.2.0:
    resolution: {integrity: sha512-KALDyEYgpY+Rlob/iriUtjV6d5Eq+Y191A5g4UqLAi8CyGP9N1+FdVbkc1SxKc2r4YAYqG8JzO2KGL+AizD70Q==}

  debug@4.3.5:
    resolution: {integrity: sha512-pt0bNEmneDIvdL1Xsd9oDQ/wrQRkXDT4AUWlNZNPKvW5x/jyO9VFXkJUP07vQ2upmw5PlaITaPKc31jK13V+jg==}
    engines: {node: '>=6.0'}
    peerDependencies:
      supports-color: '*'
    peerDependenciesMeta:
      supports-color:
        optional: true

  eventemitter3@5.0.1:
    resolution: {integrity: sha512-GWkBvjiSZK87ELrYOSESUYeVIc9mvLLf/nXalMOS5dYrgZq9o5OVkbZAVM06CVxYsCwH9BDZFPlQTlPA1j4ahA==}

  isomorphic-ws@5.0.0:
    resolution: {integrity: sha512-muId7Zzn9ywDsyXgTIafTry2sV3nySZeUDe6YedVd1Hvuuep5AsIlqK+XefWpYTyJG5e503F2xIuT2lcU6rCSw==}
    peerDependencies:
      ws: '*'

  ms@2.1.2:
    resolution: {integrity: sha512-sGkPx+VjMtmA6MX27oA4FBFELFCZZ4S4XqeGOXCv68tT+jb3vk/RyaKWP0PTKyWtmLSM0b+adUTEvbs1PEaH2w==}

  obs-websocket-js@5.0.5:
    resolution: {integrity: sha512-mSMqLXJ4z28jgwy7Ecv8CtpYh/xdbcn524kq0n6wT3kN6xkgWU/Zc6OtiVZo+gyyylC0anjehMLEVF+CDSwccw==}
    engines: {node: '>12.0'}

  type-fest@3.13.1:
    resolution: {integrity: sha512-tLq3bSNx+xSpwvAJnzrK0Ep5CLNWjvFTOp71URMaAEWBfRb9nnJiBoUe0tF8bI4ZFO3omgBR6NvnbzVUT3Ly4g==}
    engines: {node: '>=14.16'}

  ws@8.18.0:
    resolution: {integrity: sha512-8VbfWfHLbbwu3+N6OKsOMpBdT4kXPDDB9cJk2bJ6mh9ucxdlnNvH1e+roYkKmN9Nxw2yjz7VzeO9oOz2zJ04Pw==}
    engines: {node: '>=10.0.0'}
    peerDependencies:
      bufferutil: ^4.0.1
      utf-8-validate: '>=5.0.2'
    peerDependenciesMeta:
      bufferutil:
        optional: true
      utf-8-validate:
        optional: true

snapshots:

  '@msgpack/msgpack@2.8.0': {}

  crypto-js@4.2.0: {}

  debug@4.3.5:
    dependencies:
      ms: 2.1.2

  eventemitter3@5.0.1: {}

  isomorphic-ws@5.0.0(ws@8.18.0):
    dependencies:
      ws: 8.18.0

  ms@2.1.2: {}

  obs-websocket-js@5.0.5:
    dependencies:
      '@msgpack/msgpack': 2.8.0
      crypto-js: 4.2.0
      debug: 4.3.5
      eventemitter3: 5.0.1
      isomorphic-ws: 5.0.0(ws@8.18.0)
      type-fest: 3.13.1
      ws: 8.18.0
    transitivePeerDependencies:
      - bufferutil
      - supports-color
      - utf-8-validate

  type-fest@3.13.1: {}

  ws@8.18.0: {}
